// !$*UTF8*$!
{
	archiveVersion = 1;
	classes = {
	};
	objectVersion = 50;
	objects = {

/* Begin PBXBuildFile section */
		6D17063C247855FB00F144BF /* AppDelegate.swift in Sources */ = {isa = PBXBuildFile; fileRef = 6D17063B247855FB00F144BF /* AppDelegate.swift */; };
		6D17063E247855FB00F144BF /* SceneDelegate.swift in Sources */ = {isa = PBXBuildFile; fileRef = 6D17063D247855FB00F144BF /* SceneDelegate.swift */; };
		6D170640247855FB00F144BF /* ViewController.swift in Sources */ = {isa = PBXBuildFile; fileRef = 6D17063F247855FB00F144BF /* ViewController.swift */; };
		6D170643247855FB00F144BF /* Main.storyboard in Resources */ = {isa = PBXBuildFile; fileRef = 6D170641247855FB00F144BF /* Main.storyboard */; };
		6D170645247855FC00F144BF /* Assets.xcassets in Resources */ = {isa = PBXBuildFile; fileRef = 6D170644247855FC00F144BF /* Assets.xcassets */; };
		6D170648247855FC00F144BF /* LaunchScreen.storyboard in Resources */ = {isa = PBXBuildFile; fileRef = 6D170646247855FC00F144BF /* LaunchScreen.storyboard */; };
		6D6177FE24790AC3005A4623 /* Home.storyboard in Resources */ = {isa = PBXBuildFile; fileRef = 6D6177FC24790AC3005A4623 /* Home.storyboard */; };
		6D61780124790B3B005A4623 /* Onboarding.storyboard in Resources */ = {isa = PBXBuildFile; fileRef = 6D6177FF24790B3B005A4623 /* Onboarding.storyboard */; };
		6D61780424790BA2005A4623 /* DaftarBelanja.storyboard in Resources */ = {isa = PBXBuildFile; fileRef = 6D61780224790BA2005A4623 /* DaftarBelanja.storyboard */; };
		6D61780724790BD9005A4623 /* RingkasanBelanja.storyboard in Resources */ = {isa = PBXBuildFile; fileRef = 6D61780524790BD9005A4623 /* RingkasanBelanja.storyboard */; };
		6D61780A24790C07005A4623 /* LokasiAnda.storyboard in Resources */ = {isa = PBXBuildFile; fileRef = 6D61780824790C07005A4623 /* LokasiAnda.storyboard */; };
		6D61780D24790C31005A4623 /* Masuk.storyboard in Resources */ = {isa = PBXBuildFile; fileRef = 6D61780B24790C31005A4623 /* Masuk.storyboard */; };
		BF9DD91B24791ACE00AB0EDC /* Multiple Pages.storyboard in Resources */ = {isa = PBXBuildFile; fileRef = BF9DD91A24791ACE00AB0EDC /* Multiple Pages.storyboard */; };
/* End PBXBuildFile section */

/* Begin PBXFileReference section */
		6D170638247855FB00F144BF /* MC2-Group15.app */ = {isa = PBXFileReference; explicitFileType = wrapper.application; includeInIndex = 0; path = "MC2-Group15.app"; sourceTree = BUILT_PRODUCTS_DIR; };
		6D17063B247855FB00F144BF /* AppDelegate.swift */ = {isa = PBXFileReference; lastKnownFileType = sourcecode.swift; path = AppDelegate.swift; sourceTree = "<group>"; };
		6D17063D247855FB00F144BF /* SceneDelegate.swift */ = {isa = PBXFileReference; lastKnownFileType = sourcecode.swift; path = SceneDelegate.swift; sourceTree = "<group>"; };
		6D17063F247855FB00F144BF /* ViewController.swift */ = {isa = PBXFileReference; lastKnownFileType = sourcecode.swift; path = ViewController.swift; sourceTree = "<group>"; };
		6D170642247855FB00F144BF /* Base */ = {isa = PBXFileReference; lastKnownFileType = file.storyboard; name = Base; path = Base.lproj/Main.storyboard; sourceTree = "<group>"; };
		6D170644247855FC00F144BF /* Assets.xcassets */ = {isa = PBXFileReference; lastKnownFileType = folder.assetcatalog; path = Assets.xcassets; sourceTree = "<group>"; };
		6D170647247855FC00F144BF /* Base */ = {isa = PBXFileReference; lastKnownFileType = file.storyboard; name = Base; path = Base.lproj/LaunchScreen.storyboard; sourceTree = "<group>"; };
		6D170649247855FC00F144BF /* Info.plist */ = {isa = PBXFileReference; lastKnownFileType = text.plist.xml; path = Info.plist; sourceTree = "<group>"; };
		6D6177FD24790AC3005A4623 /* Base */ = {isa = PBXFileReference; lastKnownFileType = file.storyboard; name = Base; path = "MC2-Elder/Base.lproj/Home.storyboard"; sourceTree = "<group>"; };
		6D61780024790B3B005A4623 /* Base */ = {isa = PBXFileReference; lastKnownFileType = file.storyboard; name = Base; path = "MC2-Elder/Base.lproj/Onboarding.storyboard"; sourceTree = "<group>"; };
		6D61780324790BA2005A4623 /* Base */ = {isa = PBXFileReference; lastKnownFileType = file.storyboard; name = Base; path = "MC2-Elder/Base.lproj/DaftarBelanja.storyboard"; sourceTree = "<group>"; };
		6D61780624790BD9005A4623 /* Base */ = {isa = PBXFileReference; lastKnownFileType = file.storyboard; name = Base; path = "MC2-Elder/Base.lproj/RingkasanBelanja.storyboard"; sourceTree = "<group>"; };
		6D61780924790C07005A4623 /* Base */ = {isa = PBXFileReference; lastKnownFileType = file.storyboard; name = Base; path = "MC2-Elder/MC2-Elder/Base.lproj/LokasiAnda.storyboard"; sourceTree = "<group>"; };
		6D61780C24790C31005A4623 /* Base */ = {isa = PBXFileReference; lastKnownFileType = file.storyboard; name = Base; path = "MC2-Elder/Base.lproj/Masuk.storyboard"; sourceTree = "<group>"; };
		BF9DD91A24791ACE00AB0EDC /* Multiple Pages.storyboard */ = {isa = PBXFileReference; fileEncoding = 4; lastKnownFileType = file.storyboard; path = "Multiple Pages.storyboard"; sourceTree = "<group>"; };
/* End PBXFileReference section */

/* Begin PBXFrameworksBuildPhase section */
		6D170635247855FB00F144BF /* Frameworks */ = {
			isa = PBXFrameworksBuildPhase;
			buildActionMask = 2147483647;
			files = (
			);
			runOnlyForDeploymentPostprocessing = 0;
		};
/* End PBXFrameworksBuildPhase section */

/* Begin PBXGroup section */
		6D17062F247855FB00F144BF = {
			isa = PBXGroup;
			children = (
				6D17063A247855FB00F144BF /* MC2-Group15 */,
				6D170639247855FB00F144BF /* Products */,
			);
			sourceTree = "<group>";
		};
		6D170639247855FB00F144BF /* Products */ = {
			isa = PBXGroup;
			children = (
				6D170638247855FB00F144BF /* MC2-Group15.app */,
			);
			name = Products;
			sourceTree = "<group>";
		};
		6D17063A247855FB00F144BF /* MC2-Group15 */ = {
			isa = PBXGroup;
			children = (
				6D17063B247855FB00F144BF /* AppDelegate.swift */,
				6D17063D247855FB00F144BF /* SceneDelegate.swift */,
				6D17063F247855FB00F144BF /* ViewController.swift */,
				6D170641247855FB00F144BF /* Main.storyboard */,
				6D6177FF24790B3B005A4623 /* Onboarding.storyboard */,
				6D6177FC24790AC3005A4623 /* Home.storyboard */,
				6D61780224790BA2005A4623 /* DaftarBelanja.storyboard */,
				6D61780524790BD9005A4623 /* RingkasanBelanja.storyboard */,
				6D61780824790C07005A4623 /* LokasiAnda.storyboard */,
				6D61780B24790C31005A4623 /* Masuk.storyboard */,
				BF9DD91A24791ACE00AB0EDC /* Multiple Pages.storyboard */,
				6D170644247855FC00F144BF /* Assets.xcassets */,
				6D170646247855FC00F144BF /* LaunchScreen.storyboard */,
				6D170649247855FC00F144BF /* Info.plist */,
			);
			path = "MC2-Group15";
			sourceTree = "<group>";
		};
/* End PBXGroup section */

/* Begin PBXNativeTarget section */
		6D170637247855FB00F144BF /* MC2-Group15 */ = {
			isa = PBXNativeTarget;
			buildConfigurationList = 6D17064C247855FC00F144BF /* Build configuration list for PBXNativeTarget "MC2-Group15" */;
			buildPhases = (
				6D170634247855FB00F144BF /* Sources */,
				6D170635247855FB00F144BF /* Frameworks */,
				6D170636247855FB00F144BF /* Resources */,
			);
			buildRules = (
			);
			dependencies = (
			);
			name = "MC2-Group15";
			productName = "MC2-Elder";
			productReference = 6D170638247855FB00F144BF /* MC2-Group15.app */;
			productType = "com.apple.product-type.application";
		};
/* End PBXNativeTarget section */

/* Begin PBXProject section */
		6D170630247855FB00F144BF /* Project object */ = {
			isa = PBXProject;
			attributes = {
				LastSwiftUpdateCheck = 1130;
				LastUpgradeCheck = 1130;
				ORGANIZATIONNAME = "Angela Fanuela";
				TargetAttributes = {
					6D170637247855FB00F144BF = {
						CreatedOnToolsVersion = 11.3.1;
					};
				};
			};
			buildConfigurationList = 6D170633247855FB00F144BF /* Build configuration list for PBXProject "MC2-Group15" */;
			compatibilityVersion = "Xcode 9.3";
			developmentRegion = en;
			hasScannedForEncodings = 0;
			knownRegions = (
				en,
				Base,
			);
			mainGroup = 6D17062F247855FB00F144BF;
			productRefGroup = 6D170639247855FB00F144BF /* Products */;
			projectDirPath = "";
			projectRoot = "";
			targets = (
				6D170637247855FB00F144BF /* MC2-Group15 */,
			);
		};
/* End PBXProject section */

/* Begin PBXResourcesBuildPhase section */
		6D170636247855FB00F144BF /* Resources */ = {
			isa = PBXResourcesBuildPhase;
			buildActionMask = 2147483647;
			files = (
				BF9DD91B24791ACE00AB0EDC /* Multiple Pages.storyboard in Resources */,
				6D61780424790BA2005A4623 /* DaftarBelanja.storyboard in Resources */,
				6D170648247855FC00F144BF /* LaunchScreen.storyboard in Resources */,
				6D61780724790BD9005A4623 /* RingkasanBelanja.storyboard in Resources */,
				6D61780A24790C07005A4623 /* LokasiAnda.storyboard in Resources */,
				6D61780D24790C31005A4623 /* Masuk.storyboard in Resources */,
				6D61780124790B3B005A4623 /* Onboarding.storyboard in Resources */,
				6D6177FE24790AC3005A4623 /* Home.storyboard in Resources */,
				6D170645247855FC00F144BF /* Assets.xcassets in Resources */,
				6D170643247855FB00F144BF /* Main.storyboard in Resources */,
			);
			runOnlyForDeploymentPostprocessing = 0;
		};
/* End PBXResourcesBuildPhase section */

/* Begin PBXSourcesBuildPhase section */
		6D170634247855FB00F144BF /* Sources */ = {
			isa = PBXSourcesBuildPhase;
			buildActionMask = 2147483647;
			files = (
				6D170640247855FB00F144BF /* ViewController.swift in Sources */,
				6D17063C247855FB00F144BF /* AppDelegate.swift in Sources */,
				6D17063E247855FB00F144BF /* SceneDelegate.swift in Sources */,
			);
			runOnlyForDeploymentPostprocessing = 0;
		};
/* End PBXSourcesBuildPhase section */

/* Begin PBXVariantGroup section */
		6D170641247855FB00F144BF /* Main.storyboard */ = {
			isa = PBXVariantGroup;
			children = (
				6D170642247855FB00F144BF /* Base */,
			);
			name = Main.storyboard;
			sourceTree = "<group>";
		};
		6D170646247855FC00F144BF /* LaunchScreen.storyboard */ = {
			isa = PBXVariantGroup;
			children = (
				6D170647247855FC00F144BF /* Base */,
			);
			name = LaunchScreen.storyboard;
			sourceTree = "<group>";
		};
		6D6177FC24790AC3005A4623 /* Home.storyboard */ = {
			isa = PBXVariantGroup;
			children = (
				6D6177FD24790AC3005A4623 /* Base */,
			);
			name = Home.storyboard;
			sourceTree = "<group>";
		};
		6D6177FF24790B3B005A4623 /* Onboarding.storyboard */ = {
			isa = PBXVariantGroup;
			children = (
				6D61780024790B3B005A4623 /* Base */,
			);
			name = Onboarding.storyboard;
			sourceTree = "<group>";
		};
		6D61780224790BA2005A4623 /* DaftarBelanja.storyboard */ = {
			isa = PBXVariantGroup;
			children = (
				6D61780324790BA2005A4623 /* Base */,
			);
			name = DaftarBelanja.storyboard;
			sourceTree = "<group>";
		};
		6D61780524790BD9005A4623 /* RingkasanBelanja.storyboard */ = {
			isa = PBXVariantGroup;
			children = (
				6D61780624790BD9005A4623 /* Base */,
			);
			name = RingkasanBelanja.storyboard;
			sourceTree = "<group>";
		};
		6D61780824790C07005A4623 /* LokasiAnda.storyboard */ = {
			isa = PBXVariantGroup;
			children = (
				6D61780924790C07005A4623 /* Base */,
			);
			name = LokasiAnda.storyboard;
			sourceTree = "<group>";
		};
		6D61780B24790C31005A4623 /* Masuk.storyboard */ = {
			isa = PBXVariantGroup;
			children = (
				6D61780C24790C31005A4623 /* Base */,
			);
			name = Masuk.storyboard;
			sourceTree = "<group>";
		};
/* End PBXVariantGroup section */

/* Begin XCBuildConfiguration section */
		6D17064A247855FC00F144BF /* Debug */ = {
			isa = XCBuildConfiguration;
			buildSettings = {
				ALWAYS_SEARCH_USER_PATHS = NO;
				CLANG_ANALYZER_NONNULL = YES;
				CLANG_ANALYZER_NUMBER_OBJECT_CONVERSION = YES_AGGRESSIVE;
				CLANG_CXX_LANGUAGE_STANDARD = "gnu++14";
				CLANG_CXX_LIBRARY = "libc++";
				CLANG_ENABLE_MODULES = YES;
				CLANG_ENABLE_OBJC_ARC = YES;
				CLANG_ENABLE_OBJC_WEAK = YES;
				CLANG_WARN_BLOCK_CAPTURE_AUTORELEASING = YES;
				CLANG_WARN_BOOL_CONVERSION = YES;
				CLANG_WARN_COMMA = YES;
				CLANG_WARN_CONSTANT_CONVERSION = YES;
				CLANG_WARN_DEPRECATED_OBJC_IMPLEMENTATIONS = YES;
				CLANG_WARN_DIRECT_OBJC_ISA_USAGE = YES_ERROR;
				CLANG_WARN_DOCUMENTATION_COMMENTS = YES;
				CLANG_WARN_EMPTY_BODY = YES;
				CLANG_WARN_ENUM_CONVERSION = YES;
				CLANG_WARN_INFINITE_RECURSION = YES;
				CLANG_WARN_INT_CONVERSION = YES;
				CLANG_WARN_NON_LITERAL_NULL_CONVERSION = YES;
				CLANG_WARN_OBJC_IMPLICIT_RETAIN_SELF = YES;
				CLANG_WARN_OBJC_LITERAL_CONVERSION = YES;
				CLANG_WARN_OBJC_ROOT_CLASS = YES_ERROR;
				CLANG_WARN_RANGE_LOOP_ANALYSIS = YES;
				CLANG_WARN_STRICT_PROTOTYPES = YES;
				CLANG_WARN_SUSPICIOUS_MOVE = YES;
				CLANG_WARN_UNGUARDED_AVAILABILITY = YES_AGGRESSIVE;
				CLANG_WARN_UNREACHABLE_CODE = YES;
				CLANG_WARN__DUPLICATE_METHOD_MATCH = YES;
				COPY_PHASE_STRIP = NO;
				DEBUG_INFORMATION_FORMAT = dwarf;
				ENABLE_STRICT_OBJC_MSGSEND = YES;
				ENABLE_TESTABILITY = YES;
				GCC_C_LANGUAGE_STANDARD = gnu11;
				GCC_DYNAMIC_NO_PIC = NO;
				GCC_NO_COMMON_BLOCKS = YES;
				GCC_OPTIMIZATION_LEVEL = 0;
				GCC_PREPROCESSOR_DEFINITIONS = (
					"DEBUG=1",
					"$(inherited)",
				);
				GCC_WARN_64_TO_32_BIT_CONVERSION = YES;
				GCC_WARN_ABOUT_RETURN_TYPE = YES_ERROR;
				GCC_WARN_UNDECLARED_SELECTOR = YES;
				GCC_WARN_UNINITIALIZED_AUTOS = YES_AGGRESSIVE;
				GCC_WARN_UNUSED_FUNCTION = YES;
				GCC_WARN_UNUSED_VARIABLE = YES;
				IPHONEOS_DEPLOYMENT_TARGET = 13.2;
				MTL_ENABLE_DEBUG_INFO = INCLUDE_SOURCE;
				MTL_FAST_MATH = YES;
				ONLY_ACTIVE_ARCH = YES;
				SDKROOT = iphoneos;
				SWIFT_ACTIVE_COMPILATION_CONDITIONS = DEBUG;
				SWIFT_OPTIMIZATION_LEVEL = "-Onone";
			};
			name = Debug;
		};
		6D17064B247855FC00F144BF /* Release */ = {
			isa = XCBuildConfiguration;
			buildSettings = {
				ALWAYS_SEARCH_USER_PATHS = NO;
				CLANG_ANALYZER_NONNULL = YES;
				CLANG_ANALYZER_NUMBER_OBJECT_CONVERSION = YES_AGGRESSIVE;
				CLANG_CXX_LANGUAGE_STANDARD = "gnu++14";
				CLANG_CXX_LIBRARY = "libc++";
				CLANG_ENABLE_MODULES = YES;
				CLANG_ENABLE_OBJC_ARC = YES;
				CLANG_ENABLE_OBJC_WEAK = YES;
				CLANG_WARN_BLOCK_CAPTURE_AUTORELEASING = YES;
				CLANG_WARN_BOOL_CONVERSION = YES;
				CLANG_WARN_COMMA = YES;
				CLANG_WARN_CONSTANT_CONVERSION = YES;
				CLANG_WARN_DEPRECATED_OBJC_IMPLEMENTATIONS = YES;
				CLANG_WARN_DIRECT_OBJC_ISA_USAGE = YES_ERROR;
				CLANG_WARN_DOCUMENTATION_COMMENTS = YES;
				CLANG_WARN_EMPTY_BODY = YES;
				CLANG_WARN_ENUM_CONVERSION = YES;
				CLANG_WARN_INFINITE_RECURSION = YES;
				CLANG_WARN_INT_CONVERSION = YES;
				CLANG_WARN_NON_LITERAL_NULL_CONVERSION = YES;
				CLANG_WARN_OBJC_IMPLICIT_RETAIN_SELF = YES;
				CLANG_WARN_OBJC_LITERAL_CONVERSION = YES;
				CLANG_WARN_OBJC_ROOT_CLASS = YES_ERROR;
				CLANG_WARN_RANGE_LOOP_ANALYSIS = YES;
				CLANG_WARN_STRICT_PROTOTYPES = YES;
				CLANG_WARN_SUSPICIOUS_MOVE = YES;
				CLANG_WARN_UNGUARDED_AVAILABILITY = YES_AGGRESSIVE;
				CLANG_WARN_UNREACHABLE_CODE = YES;
				CLANG_WARN__DUPLICATE_METHOD_MATCH = YES;
				COPY_PHASE_STRIP = NO;
				DEBUG_INFORMATION_FORMAT = "dwarf-with-dsym";
				ENABLE_NS_ASSERTIONS = NO;
				ENABLE_STRICT_OBJC_MSGSEND = YES;
				GCC_C_LANGUAGE_STANDARD = gnu11;
				GCC_NO_COMMON_BLOCKS = YES;
				GCC_WARN_64_TO_32_BIT_CONVERSION = YES;
				GCC_WARN_ABOUT_RETURN_TYPE = YES_ERROR;
				GCC_WARN_UNDECLARED_SELECTOR = YES;
				GCC_WARN_UNINITIALIZED_AUTOS = YES_AGGRESSIVE;
				GCC_WARN_UNUSED_FUNCTION = YES;
				GCC_WARN_UNUSED_VARIABLE = YES;
				IPHONEOS_DEPLOYMENT_TARGET = 13.2;
				MTL_ENABLE_DEBUG_INFO = NO;
				MTL_FAST_MATH = YES;
				SDKROOT = iphoneos;
				SWIFT_COMPILATION_MODE = wholemodule;
				SWIFT_OPTIMIZATION_LEVEL = "-O";
				VALIDATE_PRODUCT = YES;
			};
			name = Release;
		};
		6D17064D247855FC00F144BF /* Debug */ = {
			isa = XCBuildConfiguration;
			buildSettings = {
				ASSETCATALOG_COMPILER_APPICON_NAME = AppIcon;
				CODE_SIGN_STYLE = Automatic;
				INFOPLIST_FILE = "$(SRCROOT)/MC2-Group15/Info.plist";
				IPHONEOS_DEPLOYMENT_TARGET = 13.0;
				LD_RUNPATH_SEARCH_PATHS = (
					"$(inherited)",
					"@executable_path/Frameworks",
				);
				PRODUCT_BUNDLE_IDENTIFIER = "AppleAcademy.MC2-Group15";
				PRODUCT_NAME = "MC2-Group15";
				SWIFT_VERSION = 5.0;
				TARGETED_DEVICE_FAMILY = 1;
			};
			name = Debug;
		};
		6D17064E247855FC00F144BF /* Release */ = {
			isa = XCBuildConfiguration;
			buildSettings = {
				ASSETCATALOG_COMPILER_APPICON_NAME = AppIcon;
				CODE_SIGN_STYLE = Automatic;
				INFOPLIST_FILE = "$(SRCROOT)/MC2-Group15/Info.plist";
				IPHONEOS_DEPLOYMENT_TARGET = 13.0;
				LD_RUNPATH_SEARCH_PATHS = (
					"$(inherited)",
					"@executable_path/Frameworks",
				);
				PRODUCT_BUNDLE_IDENTIFIER = "AppleAcademy.MC2-Group15";
				PRODUCT_NAME = "MC2-Group15";
				SWIFT_VERSION = 5.0;
				TARGETED_DEVICE_FAMILY = 1;
			};
			name = Release;
		};
/* End XCBuildConfiguration section */

/* Begin XCConfigurationList section */
		6D170633247855FB00F144BF /* Build configuration list for PBXProject "MC2-Group15" */ = {
			isa = XCConfigurationList;
			buildConfigurations = (
				6D17064A247855FC00F144BF /* Debug */,
				6D17064B247855FC00F144BF /* Release */,
			);
			defaultConfigurationIsVisible = 0;
			defaultConfigurationName = Release;
		};
		6D17064C247855FC00F144BF /* Build configuration list for PBXNativeTarget "MC2-Group15" */ = {
			isa = XCConfigurationList;
			buildConfigurations = (
				6D17064D247855FC00F144BF /* Debug */,
				6D17064E247855FC00F144BF /* Release */,
			);
			defaultConfigurationIsVisible = 0;
			defaultConfigurationName = Release;
		};
/* End XCConfigurationList section */
	};
	rootObject = 6D170630247855FB00F144BF /* Project object */;
}
